
Microsoft Visual Studio Solution File, Format Version 12.00
# Visual Studio Version 17
VisualStudioVersion = 17.5.33627.172
MinimumVisualStudioVersion = 10.0.40219.1
Project("{FAE04EC0-301F-11D3-BF4B-00C04F79EFBC}") = "Hann.Software.Web", "Hann.Software.Web\Hann.Software.Web.csproj", "{576C987E-7E2C-4985-A70A-19F1748FEB81}"
EndProject
Global
	GlobalSection(SolutionConfigurationPlatforms) = preSolution
		Debug|Any CPU = Debug|Any CPU
		Release|Any CPU = Release|Any CPU
	EndGlobalSection
	GlobalSection(ProjectConfigurationPlatforms) = postSolution
		{576C987E-7E2C-4985-A70A-19F1748FEB81}.Debug|Any CPU.ActiveCfg = Debug|Any CPU
		{576C987E-7E2C-4985-A70A-19F1748FEB81}.Debug|Any CPU.Build.0 = Debug|Any CPU
		{576C987E-7E2C-4985-A70A-19F1748FEB81}.Release|Any CPU.ActiveCfg = Release|Any CPU
		{576C987E-7E2C-4985-A70A-19F1748FEB81}.Release|Any CPU.Build.0 = Release|Any CPU
	EndGlobalSection
	GlobalSection(SolutionProperties) = preSolution
		HideSolutionNode = FALSE
	EndGlobalSection
	GlobalSection(ExtensibilityGlobals) = postSolution
		SolutionGuid = {7C095CBB-1757-4A59-85EB-2741DC3BC239}
	EndGlobalSection
EndGlobal
